// !$*UTF8*$!
{
	archiveVersion = 1;
	classes = {
	};
	objectVersion = 46;
	objects = {

/* Begin PBXBuildFile section */
		18079A741BF77F4900EB8662 /* FSpriteNodeBase.m in Sources */ = {isa = PBXBuildFile; fileRef = 18079A731BF77F4900EB8662 /* FSpriteNodeBase.m */; };
		18522B161B9341E500705469 /* FMath.m in Sources */ = {isa = PBXBuildFile; fileRef = 18522B151B9341E500705469 /* FMath.m */; };
		18522B1D1B93420C00705469 /* Fraction.m in Sources */ = {isa = PBXBuildFile; fileRef = 18522B1A1B93420C00705469 /* Fraction.m */; };
		18522B1E1B93420C00705469 /* Irrational.m in Sources */ = {isa = PBXBuildFile; fileRef = 18522B1C1B93420C00705469 /* Irrational.m */; };
		18522B271B934BA200705469 /* AbstractFunction.m in Sources */ = {isa = PBXBuildFile; fileRef = 18522B221B934BA200705469 /* AbstractFunction.m */; };
		18522B281B934BA200705469 /* Polynomal.m in Sources */ = {isa = PBXBuildFile; fileRef = 18522B241B934BA200705469 /* Polynomal.m */; };
		18522B291B934BA200705469 /* Producer.m in Sources */ = {isa = PBXBuildFile; fileRef = 18522B261B934BA200705469 /* Producer.m */; };
		18522B331B94D21D00705469 /* Functions.m in Sources */ = {isa = PBXBuildFile; fileRef = 18522B321B94D21D00705469 /* Functions.m */; };
		18799C071B91DE2700FB85C1 /* main.m in Sources */ = {isa = PBXBuildFile; fileRef = 18799C061B91DE2700FB85C1 /* main.m */; };
		18799C0A1B91DE2700FB85C1 /* AppDelegate.m in Sources */ = {isa = PBXBuildFile; fileRef = 18799C091B91DE2700FB85C1 /* AppDelegate.m */; };
		18799C0D1B91DE2700FB85C1 /* GameScene.m in Sources */ = {isa = PBXBuildFile; fileRef = 18799C0C1B91DE2700FB85C1 /* GameScene.m */; };
		18799C0F1B91DE2700FB85C1 /* GameScene.sks in Resources */ = {isa = PBXBuildFile; fileRef = 18799C0E1B91DE2700FB85C1 /* GameScene.sks */; };
		18799C121B91DE2700FB85C1 /* GameViewController.m in Sources */ = {isa = PBXBuildFile; fileRef = 18799C111B91DE2700FB85C1 /* GameViewController.m */; };
		18799C171B91DE2700FB85C1 /* Images.xcassets in Resources */ = {isa = PBXBuildFile; fileRef = 18799C161B91DE2700FB85C1 /* Images.xcassets */; };
		18799C1A1B91DE2700FB85C1 /* LaunchScreen.xib in Resources */ = {isa = PBXBuildFile; fileRef = 18799C181B91DE2700FB85C1 /* LaunchScreen.xib */; };
		18799C261B91DE2700FB85C1 /* Functions3Tests.m in Sources */ = {isa = PBXBuildFile; fileRef = 18799C251B91DE2700FB85C1 /* Functions3Tests.m */; };
		18799C721B92000E00FB85C1 /* FNumber.m in Sources */ = {isa = PBXBuildFile; fileRef = 18799C711B92000E00FB85C1 /* FNumber.m */; };
		18799C771B92049700FB85C1 /* FStyle.m in Sources */ = {isa = PBXBuildFile; fileRef = 18799C761B92049700FB85C1 /* FStyle.m */; };
		18799C7C1B92071D00FB85C1 /* UIKit.framework in Frameworks */ = {isa = PBXBuildFile; fileRef = 18799C7B1B92071D00FB85C1 /* UIKit.framework */; };
		18799C7E1B92072D00FB85C1 /* SpriteKit.framework in Frameworks */ = {isa = PBXBuildFile; fileRef = 18799C7D1B92072D00FB85C1 /* SpriteKit.framework */; };
		18799C801B92073E00FB85C1 /* Foundation.framework in Frameworks */ = {isa = PBXBuildFile; fileRef = 18799C7F1B92073E00FB85C1 /* Foundation.framework */; };
		18799C821B9207CC00FB85C1 /* Predefines.h in Sources */ = {isa = PBXBuildFile; fileRef = 18799C811B9207CC00FB85C1 /* Predefines.h */; };
		18A76FC81BF7729A00F5A101 /* FBoard.m in Sources */ = {isa = PBXBuildFile; fileRef = 18A76FC71BF7729A00F5A101 /* FBoard.m */; };
		18A76FCD1BF7778400F5A101 /* GameLogic.m in Sources */ = {isa = PBXBuildFile; fileRef = 18A76FCC1BF7778400F5A101 /* GameLogic.m */; };
		18A76FD01BF778A200F5A101 /* FBoardLogic.m in Sources */ = {isa = PBXBuildFile; fileRef = 18A76FCF1BF778A200F5A101 /* FBoardLogic.m */; };
		18F035A91C1D8AFA00792FC9 /* AbsoluteValueFunction.m in Sources */ = {isa = PBXBuildFile; fileRef = 18F035A81C1D8AFA00792FC9 /* AbsoluteValueFunction.m */; };
		18F697581C1E178E006F254D /* Main.storyboard in Resources */ = {isa = PBXBuildFile; fileRef = 18F697561C1E178E006F254D /* Main.storyboard */; };
		877050DA1ED0523B00CC75ED /* FShape.swift in Sources */ = {isa = PBXBuildFile; fileRef = 877050D91ED0523B00CC75ED /* FShape.swift */; };
		8785A6C01FA528AC0088334E /* Square.swift in Sources */ = {isa = PBXBuildFile; fileRef = 8785A6BF1FA528AC0088334E /* Square.swift */; };
		8785A6C31FA537160088334E /* Number.swift in Sources */ = {isa = PBXBuildFile; fileRef = 8785A6C21FA537160088334E /* Number.swift */; };
		8785A6C51FA538850088334E /* Material.swift in Sources */ = {isa = PBXBuildFile; fileRef = 8785A6C41FA538850088334E /* Material.swift */; };
		878622B01FA5CE5000C7573A /* ColorShifterNumber.swift in Sources */ = {isa = PBXBuildFile; fileRef = 878622AF1FA5CE5000C7573A /* ColorShifterNumber.swift */; };
		878622B21FA5D0B500C7573A /* BombNumber.swift in Sources */ = {isa = PBXBuildFile; fileRef = 878622B11FA5D0B500C7573A /* BombNumber.swift */; };
		8789C1041F953BE000B0766B /* FInitialButton.m in Sources */ = {isa = PBXBuildFile; fileRef = 8789C1031F953BE000B0766B /* FInitialButton.m */; };
		8789C10A1F95409F00B0766B /* ResultViewController.m in Sources */ = {isa = PBXBuildFile; fileRef = 8789C1071F95409F00B0766B /* ResultViewController.m */; };
		8789C10B1F95409F00B0766B /* StartViewController.m in Sources */ = {isa = PBXBuildFile; fileRef = 8789C1091F95409F00B0766B /* StartViewController.m */; };
		8789C10E1F9540BF00B0766B /* BaseViewController.m in Sources */ = {isa = PBXBuildFile; fileRef = 8789C10D1F9540BF00B0766B /* BaseViewController.m */; };
		8789C1111F9541DE00B0766B /* ShopViewController.m in Sources */ = {isa = PBXBuildFile; fileRef = 8789C1101F9541DE00B0766B /* ShopViewController.m */; };
		878FCACB1F8EA9EC0059C7D0 /* diamond.png in Resources */ = {isa = PBXBuildFile; fileRef = 878FCAC81F8EA9EC0059C7D0 /* diamond.png */; };
		878FCACC1F8EA9EC0059C7D0 /* emerald.png in Resources */ = {isa = PBXBuildFile; fileRef = 878FCAC91F8EA9EC0059C7D0 /* emerald.png */; };
		878FCACD1F8EA9EC0059C7D0 /* golden.png in Resources */ = {isa = PBXBuildFile; fileRef = 878FCACA1F8EA9EC0059C7D0 /* golden.png */; };
		8798DD201F028DA500E97C88 /* FunctionTopBar.m in Sources */ = {isa = PBXBuildFile; fileRef = 8798DD1F1F028DA500E97C88 /* FunctionTopBar.m */; };
		87CB0F271F5D884E000001DB /* FunctionBoard.m in Sources */ = {isa = PBXBuildFile; fileRef = 87CB0F261F5D884E000001DB /* FunctionBoard.m */; };
		92BF0A071FA5EAB600086AF5 /* InvisibleNumber.swift in Sources */ = {isa = PBXBuildFile; fileRef = 92BF0A061FA5EAB600086AF5 /* InvisibleNumber.swift */; };
		92BF0A091FA608FD00086AF5 /* Square+Factory.swift in Sources */ = {isa = PBXBuildFile; fileRef = 92BF0A081FA608FD00086AF5 /* Square+Factory.swift */; };
		92BF0A0B1FA60F4B00086AF5 /* Board.swift in Sources */ = {isa = PBXBuildFile; fileRef = 92BF0A0A1FA60F4B00086AF5 /* Board.swift */; };
		92BF0A0E1FA6158800086AF5 /* SKAction+Additions.swift in Sources */ = {isa = PBXBuildFile; fileRef = 92BF0A0D1FA6158800086AF5 /* SKAction+Additions.swift */; };
		92EC7ADF1F8140A7003A0981 /* PolynomalTests.m in Sources */ = {isa = PBXBuildFile; fileRef = 92EC7ADE1F8140A7003A0981 /* PolynomalTests.m */; };
		92EC7AE01F814183003A0981 /* Polynomal.m in Sources */ = {isa = PBXBuildFile; fileRef = 18522B241B934BA200705469 /* Polynomal.m */; };
		92FAC78B1ED1B047004D15AB /* FunctionNumber.m in Sources */ = {isa = PBXBuildFile; fileRef = 92FAC78A1ED1B047004D15AB /* FunctionNumber.m */; };
/* End PBXBuildFile section */

/* Begin PBXContainerItemProxy section */
		18799C201B91DE2700FB85C1 /* PBXContainerItemProxy */ = {
			isa = PBXContainerItemProxy;
			containerPortal = 18799BF91B91DE2600FB85C1 /* Project object */;
			proxyType = 1;
			remoteGlobalIDString = 18799C001B91DE2700FB85C1;
			remoteInfo = Functions3;
		};
/* End PBXContainerItemProxy section */

/* Begin PBXFileReference section */
		18079A721BF77F4900EB8662 /* FSpriteNodeBase.h */ = {isa = PBXFileReference; fileEncoding = 4; lastKnownFileType = sourcecode.c.h; path = FSpriteNodeBase.h; sourceTree = "<group>"; };
		18079A731BF77F4900EB8662 /* FSpriteNodeBase.m */ = {isa = PBXFileReference; fileEncoding = 4; lastKnownFileType = sourcecode.c.objc; path = FSpriteNodeBase.m; sourceTree = "<group>"; };
		18522B141B9341E500705469 /* FMath.h */ = {isa = PBXFileReference; fileEncoding = 4; lastKnownFileType = sourcecode.c.h; path = FMath.h; sourceTree = "<group>"; };
		18522B151B9341E500705469 /* FMath.m */ = {isa = PBXFileReference; fileEncoding = 4; lastKnownFileType = sourcecode.c.objc; path = FMath.m; sourceTree = "<group>"; };
		18522B191B93420C00705469 /* Fraction.h */ = {isa = PBXFileReference; fileEncoding = 4; lastKnownFileType = sourcecode.c.h; path = Fraction.h; sourceTree = "<group>"; };
		18522B1A1B93420C00705469 /* Fraction.m */ = {isa = PBXFileReference; fileEncoding = 4; lastKnownFileType = sourcecode.c.objc; path = Fraction.m; sourceTree = "<group>"; };
		18522B1B1B93420C00705469 /* Irrational.h */ = {isa = PBXFileReference; fileEncoding = 4; lastKnownFileType = sourcecode.c.h; path = Irrational.h; sourceTree = "<group>"; };
		18522B1C1B93420C00705469 /* Irrational.m */ = {isa = PBXFileReference; fileEncoding = 4; lastKnownFileType = sourcecode.c.objc; path = Irrational.m; sourceTree = "<group>"; };
		18522B211B934BA200705469 /* AbstractFunction.h */ = {isa = PBXFileReference; fileEncoding = 4; lastKnownFileType = sourcecode.c.h; path = AbstractFunction.h; sourceTree = "<group>"; };
		18522B221B934BA200705469 /* AbstractFunction.m */ = {isa = PBXFileReference; fileEncoding = 4; lastKnownFileType = sourcecode.c.objc; path = AbstractFunction.m; sourceTree = "<group>"; };
		18522B231B934BA200705469 /* Polynomal.h */ = {isa = PBXFileReference; fileEncoding = 4; lastKnownFileType = sourcecode.c.h; path = Polynomal.h; sourceTree = "<group>"; };
		18522B241B934BA200705469 /* Polynomal.m */ = {isa = PBXFileReference; fileEncoding = 4; lastKnownFileType = sourcecode.c.objc; path = Polynomal.m; sourceTree = "<group>"; };
		18522B251B934BA200705469 /* Producer.h */ = {isa = PBXFileReference; fileEncoding = 4; lastKnownFileType = sourcecode.c.h; path = Producer.h; sourceTree = "<group>"; };
		18522B261B934BA200705469 /* Producer.m */ = {isa = PBXFileReference; fileEncoding = 4; lastKnownFileType = sourcecode.c.objc; path = Producer.m; sourceTree = "<group>"; };
		18522B2A1B93577000705469 /* CoreData.framework */ = {isa = PBXFileReference; lastKnownFileType = wrapper.framework; name = CoreData.framework; path = System/Library/Frameworks/CoreData.framework; sourceTree = SDKROOT; };
		18522B311B94D21D00705469 /* Functions.h */ = {isa = PBXFileReference; fileEncoding = 4; lastKnownFileType = sourcecode.c.h; path = Functions.h; sourceTree = "<group>"; };
		18522B321B94D21D00705469 /* Functions.m */ = {isa = PBXFileReference; fileEncoding = 4; lastKnownFileType = sourcecode.c.objc; path = Functions.m; sourceTree = "<group>"; };
		18799C011B91DE2700FB85C1 /* Functions3.app */ = {isa = PBXFileReference; explicitFileType = wrapper.application; includeInIndex = 0; path = Functions3.app; sourceTree = BUILT_PRODUCTS_DIR; };
		18799C051B91DE2700FB85C1 /* Info.plist */ = {isa = PBXFileReference; lastKnownFileType = text.plist.xml; path = Info.plist; sourceTree = "<group>"; };
		18799C061B91DE2700FB85C1 /* main.m */ = {isa = PBXFileReference; lastKnownFileType = sourcecode.c.objc; path = main.m; sourceTree = "<group>"; };
		18799C081B91DE2700FB85C1 /* AppDelegate.h */ = {isa = PBXFileReference; lastKnownFileType = sourcecode.c.h; path = AppDelegate.h; sourceTree = "<group>"; };
		18799C091B91DE2700FB85C1 /* AppDelegate.m */ = {isa = PBXFileReference; lastKnownFileType = sourcecode.c.objc; path = AppDelegate.m; sourceTree = "<group>"; };
		18799C0B1B91DE2700FB85C1 /* GameScene.h */ = {isa = PBXFileReference; lastKnownFileType = sourcecode.c.h; path = GameScene.h; sourceTree = "<group>"; };
		18799C0C1B91DE2700FB85C1 /* GameScene.m */ = {isa = PBXFileReference; lastKnownFileType = sourcecode.c.objc; path = GameScene.m; sourceTree = "<group>"; };
		18799C0E1B91DE2700FB85C1 /* GameScene.sks */ = {isa = PBXFileReference; lastKnownFileType = file.sks; path = GameScene.sks; sourceTree = "<group>"; };
		18799C101B91DE2700FB85C1 /* GameViewController.h */ = {isa = PBXFileReference; lastKnownFileType = sourcecode.c.h; path = GameViewController.h; sourceTree = "<group>"; };
		18799C111B91DE2700FB85C1 /* GameViewController.m */ = {isa = PBXFileReference; lastKnownFileType = sourcecode.c.objc; path = GameViewController.m; sourceTree = "<group>"; };
		18799C161B91DE2700FB85C1 /* Images.xcassets */ = {isa = PBXFileReference; lastKnownFileType = folder.assetcatalog; path = Images.xcassets; sourceTree = "<group>"; };
		18799C191B91DE2700FB85C1 /* Base */ = {isa = PBXFileReference; lastKnownFileType = file.xib; name = Base; path = Base.lproj/LaunchScreen.xib; sourceTree = "<group>"; };
		18799C1F1B91DE2700FB85C1 /* Functions3Tests.xctest */ = {isa = PBXFileReference; explicitFileType = wrapper.cfbundle; includeInIndex = 0; path = Functions3Tests.xctest; sourceTree = BUILT_PRODUCTS_DIR; };
		18799C241B91DE2700FB85C1 /* Info.plist */ = {isa = PBXFileReference; lastKnownFileType = text.plist.xml; path = Info.plist; sourceTree = "<group>"; };
		18799C251B91DE2700FB85C1 /* Functions3Tests.m */ = {isa = PBXFileReference; lastKnownFileType = sourcecode.c.objc; path = Functions3Tests.m; sourceTree = "<group>"; };
		18799C701B92000E00FB85C1 /* FNumber.h */ = {isa = PBXFileReference; fileEncoding = 4; lastKnownFileType = sourcecode.c.h; path = FNumber.h; sourceTree = "<group>"; };
		18799C711B92000E00FB85C1 /* FNumber.m */ = {isa = PBXFileReference; fileEncoding = 4; lastKnownFileType = sourcecode.c.objc; path = FNumber.m; sourceTree = "<group>"; };
		18799C741B9203CA00FB85C1 /* PrefixHeader.pch */ = {isa = PBXFileReference; lastKnownFileType = sourcecode.c.h; path = PrefixHeader.pch; sourceTree = "<group>"; };
		18799C751B92049700FB85C1 /* FStyle.h */ = {isa = PBXFileReference; fileEncoding = 4; lastKnownFileType = sourcecode.c.h; path = FStyle.h; sourceTree = "<group>"; };
		18799C761B92049700FB85C1 /* FStyle.m */ = {isa = PBXFileReference; fileEncoding = 4; lastKnownFileType = sourcecode.c.objc; path = FStyle.m; sourceTree = "<group>"; };
		18799C7B1B92071D00FB85C1 /* UIKit.framework */ = {isa = PBXFileReference; lastKnownFileType = wrapper.framework; name = UIKit.framework; path = System/Library/Frameworks/UIKit.framework; sourceTree = SDKROOT; };
		18799C7D1B92072D00FB85C1 /* SpriteKit.framework */ = {isa = PBXFileReference; lastKnownFileType = wrapper.framework; name = SpriteKit.framework; path = System/Library/Frameworks/SpriteKit.framework; sourceTree = SDKROOT; };
		18799C7F1B92073E00FB85C1 /* Foundation.framework */ = {isa = PBXFileReference; lastKnownFileType = wrapper.framework; name = Foundation.framework; path = System/Library/Frameworks/Foundation.framework; sourceTree = SDKROOT; };
		18799C811B9207CC00FB85C1 /* Predefines.h */ = {isa = PBXFileReference; fileEncoding = 4; lastKnownFileType = sourcecode.c.h; path = Predefines.h; sourceTree = "<group>"; };
		18A76FC61BF7729A00F5A101 /* FBoard.h */ = {isa = PBXFileReference; fileEncoding = 4; lastKnownFileType = sourcecode.c.h; path = FBoard.h; sourceTree = "<group>"; };
		18A76FC71BF7729A00F5A101 /* FBoard.m */ = {isa = PBXFileReference; fileEncoding = 4; lastKnownFileType = sourcecode.c.objc; path = FBoard.m; sourceTree = "<group>"; };
		18A76FCB1BF7778400F5A101 /* GameLogic.h */ = {isa = PBXFileReference; fileEncoding = 4; lastKnownFileType = sourcecode.c.h; path = GameLogic.h; sourceTree = "<group>"; };
		18A76FCC1BF7778400F5A101 /* GameLogic.m */ = {isa = PBXFileReference; fileEncoding = 4; lastKnownFileType = sourcecode.c.objc; path = GameLogic.m; sourceTree = "<group>"; };
		18A76FCE1BF778A200F5A101 /* FBoardLogic.h */ = {isa = PBXFileReference; fileEncoding = 4; lastKnownFileType = sourcecode.c.h; path = FBoardLogic.h; sourceTree = "<group>"; };
		18A76FCF1BF778A200F5A101 /* FBoardLogic.m */ = {isa = PBXFileReference; fileEncoding = 4; lastKnownFileType = sourcecode.c.objc; path = FBoardLogic.m; sourceTree = "<group>"; };
		18F035A71C1D8AFA00792FC9 /* AbsoluteValueFunction.h */ = {isa = PBXFileReference; fileEncoding = 4; lastKnownFileType = sourcecode.c.h; path = AbsoluteValueFunction.h; sourceTree = "<group>"; };
		18F035A81C1D8AFA00792FC9 /* AbsoluteValueFunction.m */ = {isa = PBXFileReference; fileEncoding = 4; lastKnownFileType = sourcecode.c.objc; path = AbsoluteValueFunction.m; sourceTree = "<group>"; };
		18F697571C1E178E006F254D /* Base */ = {isa = PBXFileReference; lastKnownFileType = file.storyboard; name = Base; path = Base.lproj/Main.storyboard; sourceTree = "<group>"; };
		877050D81ED0523B00CC75ED /* Functions3-Bridging-Header.h */ = {isa = PBXFileReference; lastKnownFileType = sourcecode.c.h; name = "Functions3-Bridging-Header.h"; path = "Functions3/UI/FShape/Functions3-Bridging-Header.h"; sourceTree = "<group>"; };
		877050D91ED0523B00CC75ED /* FShape.swift */ = {isa = PBXFileReference; fileEncoding = 4; lastKnownFileType = sourcecode.swift; path = FShape.swift; sourceTree = "<group>"; };
		8785A6BF1FA528AC0088334E /* Square.swift */ = {isa = PBXFileReference; lastKnownFileType = sourcecode.swift; path = Square.swift; sourceTree = "<group>"; };
		8785A6C21FA537160088334E /* Number.swift */ = {isa = PBXFileReference; lastKnownFileType = sourcecode.swift; path = Number.swift; sourceTree = "<group>"; };
		8785A6C41FA538850088334E /* Material.swift */ = {isa = PBXFileReference; lastKnownFileType = sourcecode.swift; path = Material.swift; sourceTree = "<group>"; };
		878622AF1FA5CE5000C7573A /* ColorShifterNumber.swift */ = {isa = PBXFileReference; lastKnownFileType = sourcecode.swift; path = ColorShifterNumber.swift; sourceTree = "<group>"; };
		878622B11FA5D0B500C7573A /* BombNumber.swift */ = {isa = PBXFileReference; lastKnownFileType = sourcecode.swift; path = BombNumber.swift; sourceTree = "<group>"; };
		8789C1021F953BE000B0766B /* FInitialButton.h */ = {isa = PBXFileReference; fileEncoding = 4; lastKnownFileType = sourcecode.c.h; path = FInitialButton.h; sourceTree = "<group>"; };
		8789C1031F953BE000B0766B /* FInitialButton.m */ = {isa = PBXFileReference; fileEncoding = 4; lastKnownFileType = sourcecode.c.objc; path = FInitialButton.m; sourceTree = "<group>"; };
		8789C1061F95409F00B0766B /* ResultViewController.h */ = {isa = PBXFileReference; fileEncoding = 4; lastKnownFileType = sourcecode.c.h; path = ResultViewController.h; sourceTree = "<group>"; };
		8789C1071F95409F00B0766B /* ResultViewController.m */ = {isa = PBXFileReference; fileEncoding = 4; lastKnownFileType = sourcecode.c.objc; path = ResultViewController.m; sourceTree = "<group>"; };
		8789C1081F95409F00B0766B /* StartViewController.h */ = {isa = PBXFileReference; fileEncoding = 4; lastKnownFileType = sourcecode.c.h; path = StartViewController.h; sourceTree = "<group>"; };
		8789C1091F95409F00B0766B /* StartViewController.m */ = {isa = PBXFileReference; fileEncoding = 4; lastKnownFileType = sourcecode.c.objc; path = StartViewController.m; sourceTree = "<group>"; };
		8789C10C1F9540BF00B0766B /* BaseViewController.h */ = {isa = PBXFileReference; fileEncoding = 4; lastKnownFileType = sourcecode.c.h; path = BaseViewController.h; sourceTree = "<group>"; };
		8789C10D1F9540BF00B0766B /* BaseViewController.m */ = {isa = PBXFileReference; fileEncoding = 4; lastKnownFileType = sourcecode.c.objc; path = BaseViewController.m; sourceTree = "<group>"; };
		8789C10F1F9541DE00B0766B /* ShopViewController.h */ = {isa = PBXFileReference; fileEncoding = 4; lastKnownFileType = sourcecode.c.h; path = ShopViewController.h; sourceTree = "<group>"; };
		8789C1101F9541DE00B0766B /* ShopViewController.m */ = {isa = PBXFileReference; fileEncoding = 4; lastKnownFileType = sourcecode.c.objc; path = ShopViewController.m; sourceTree = "<group>"; };
		878FCAC81F8EA9EC0059C7D0 /* diamond.png */ = {isa = PBXFileReference; lastKnownFileType = image.png; path = diamond.png; sourceTree = "<group>"; };
		878FCAC91F8EA9EC0059C7D0 /* emerald.png */ = {isa = PBXFileReference; lastKnownFileType = image.png; path = emerald.png; sourceTree = "<group>"; };
		878FCACA1F8EA9EC0059C7D0 /* golden.png */ = {isa = PBXFileReference; lastKnownFileType = image.png; path = golden.png; sourceTree = "<group>"; };
		8798DD1E1F028DA500E97C88 /* FunctionTopBar.h */ = {isa = PBXFileReference; fileEncoding = 4; lastKnownFileType = sourcecode.c.h; path = FunctionTopBar.h; sourceTree = "<group>"; };
		8798DD1F1F028DA500E97C88 /* FunctionTopBar.m */ = {isa = PBXFileReference; fileEncoding = 4; lastKnownFileType = sourcecode.c.objc; path = FunctionTopBar.m; sourceTree = "<group>"; };
		87CB0F251F5D884E000001DB /* FunctionBoard.h */ = {isa = PBXFileReference; fileEncoding = 4; lastKnownFileType = sourcecode.c.h; path = FunctionBoard.h; sourceTree = "<group>"; };
		87CB0F261F5D884E000001DB /* FunctionBoard.m */ = {isa = PBXFileReference; fileEncoding = 4; lastKnownFileType = sourcecode.c.objc; path = FunctionBoard.m; sourceTree = "<group>"; };
		92BF0A061FA5EAB600086AF5 /* InvisibleNumber.swift */ = {isa = PBXFileReference; lastKnownFileType = sourcecode.swift; path = InvisibleNumber.swift; sourceTree = "<group>"; };
		92BF0A081FA608FD00086AF5 /* Square+Factory.swift */ = {isa = PBXFileReference; lastKnownFileType = sourcecode.swift; path = "Square+Factory.swift"; sourceTree = "<group>"; };
		92BF0A0A1FA60F4B00086AF5 /* Board.swift */ = {isa = PBXFileReference; lastKnownFileType = sourcecode.swift; path = Board.swift; sourceTree = "<group>"; };
		92BF0A0D1FA6158800086AF5 /* SKAction+Additions.swift */ = {isa = PBXFileReference; lastKnownFileType = sourcecode.swift; path = "SKAction+Additions.swift"; sourceTree = "<group>"; };
		92EC7ADE1F8140A7003A0981 /* PolynomalTests.m */ = {isa = PBXFileReference; fileEncoding = 4; lastKnownFileType = sourcecode.c.objc; path = PolynomalTests.m; sourceTree = "<group>"; };
		92FAC7891ED1B047004D15AB /* FunctionNumber.h */ = {isa = PBXFileReference; fileEncoding = 4; lastKnownFileType = sourcecode.c.h; path = FunctionNumber.h; sourceTree = "<group>"; };
		92FAC78A1ED1B047004D15AB /* FunctionNumber.m */ = {isa = PBXFileReference; fileEncoding = 4; lastKnownFileType = sourcecode.c.objc; path = FunctionNumber.m; sourceTree = "<group>"; };
/* End PBXFileReference section */

/* Begin PBXFrameworksBuildPhase section */
		18799BFE1B91DE2700FB85C1 /* Frameworks */ = {
			isa = PBXFrameworksBuildPhase;
			buildActionMask = 2147483647;
			files = (
				18799C801B92073E00FB85C1 /* Foundation.framework in Frameworks */,
				18799C7E1B92072D00FB85C1 /* SpriteKit.framework in Frameworks */,
				18799C7C1B92071D00FB85C1 /* UIKit.framework in Frameworks */,
			);
			runOnlyForDeploymentPostprocessing = 0;
		};
		18799C1C1B91DE2700FB85C1 /* Frameworks */ = {
			isa = PBXFrameworksBuildPhase;
			buildActionMask = 2147483647;
			files = (
			);
			runOnlyForDeploymentPostprocessing = 0;
		};
/* End PBXFrameworksBuildPhase section */

/* Begin PBXGroup section */
		18522B131B9341E500705469 /* Math */ = {
			isa = PBXGroup;
			children = (
				18522B141B9341E500705469 /* FMath.h */,
				18522B151B9341E500705469 /* FMath.m */,
			);
			path = Math;
			sourceTree = "<group>";
		};
		18522B171B9341ED00705469 /* NS */ = {
			isa = PBXGroup;
			children = (
				18A76FCA1BF7778400F5A101 /* Game Logic */,
				18522B1F1B934BA200705469 /* Functions */,
				18522B181B93420C00705469 /* SpecialNumbers */,
				18522B131B9341E500705469 /* Math */,
			);
			name = NS;
			sourceTree = "<group>";
		};
		18522B181B93420C00705469 /* SpecialNumbers */ = {
			isa = PBXGroup;
			children = (
				18522B191B93420C00705469 /* Fraction.h */,
				18522B1A1B93420C00705469 /* Fraction.m */,
				18522B1B1B93420C00705469 /* Irrational.h */,
				18522B1C1B93420C00705469 /* Irrational.m */,
			);
			path = SpecialNumbers;
			sourceTree = "<group>";
		};
		18522B1F1B934BA200705469 /* Functions */ = {
			isa = PBXGroup;
			children = (
				18522B201B934BA200705469 /* FunctionTypes */,
				18522B251B934BA200705469 /* Producer.h */,
				18522B261B934BA200705469 /* Producer.m */,
			);
			path = Functions;
			sourceTree = "<group>";
		};
		18522B201B934BA200705469 /* FunctionTypes */ = {
			isa = PBXGroup;
			children = (
				18522B211B934BA200705469 /* AbstractFunction.h */,
				18522B221B934BA200705469 /* AbstractFunction.m */,
				18522B231B934BA200705469 /* Polynomal.h */,
				18522B241B934BA200705469 /* Polynomal.m */,
				18F035A71C1D8AFA00792FC9 /* AbsoluteValueFunction.h */,
				18F035A81C1D8AFA00792FC9 /* AbsoluteValueFunction.m */,
			);
			path = FunctionTypes;
			sourceTree = "<group>";
		};
		18799BF81B91DE2600FB85C1 = {
			isa = PBXGroup;
			children = (
				18799C811B9207CC00FB85C1 /* Predefines.h */,
				18799C741B9203CA00FB85C1 /* PrefixHeader.pch */,
				877050D81ED0523B00CC75ED /* Functions3-Bridging-Header.h */,
				18799C7A1B92070900FB85C1 /* Frameworks */,
				18799C031B91DE2700FB85C1 /* Functions3 */,
				18799C221B91DE2700FB85C1 /* Functions3Tests */,
				18799C021B91DE2700FB85C1 /* Products */,
			);
			sourceTree = "<group>";
		};
		18799C021B91DE2700FB85C1 /* Products */ = {
			isa = PBXGroup;
			children = (
				18799C011B91DE2700FB85C1 /* Functions3.app */,
				18799C1F1B91DE2700FB85C1 /* Functions3Tests.xctest */,
			);
			name = Products;
			sourceTree = "<group>";
		};
		18799C031B91DE2700FB85C1 /* Functions3 */ = {
			isa = PBXGroup;
			children = (
				92BF0A0C1FA6157500086AF5 /* Extensions */,
				8789C1011F953BA900B0766B /* UIKit */,
				18522B171B9341ED00705469 /* NS */,
				18799C6E1B92000E00FB85C1 /* UI */,
				18799C081B91DE2700FB85C1 /* AppDelegate.h */,
				18799C091B91DE2700FB85C1 /* AppDelegate.m */,
				18799C0B1B91DE2700FB85C1 /* GameScene.h */,
				18799C0C1B91DE2700FB85C1 /* GameScene.m */,
				18799C111B91DE2700FB85C1 /* GameViewController.m */,
				18799C0E1B91DE2700FB85C1 /* GameScene.sks */,
				18799C101B91DE2700FB85C1 /* GameViewController.h */,
				18F697561C1E178E006F254D /* Main.storyboard */,
				18799C161B91DE2700FB85C1 /* Images.xcassets */,
				18799C181B91DE2700FB85C1 /* LaunchScreen.xib */,
				878FCAC71F8EA9EC0059C7D0 /* images */,
				18799C041B91DE2700FB85C1 /* Supporting Files */,
			);
			path = Functions3;
			sourceTree = "<group>";
		};
		18799C041B91DE2700FB85C1 /* Supporting Files */ = {
			isa = PBXGroup;
			children = (
				18799C051B91DE2700FB85C1 /* Info.plist */,
				18799C061B91DE2700FB85C1 /* main.m */,
			);
			name = "Supporting Files";
			sourceTree = "<group>";
		};
		18799C221B91DE2700FB85C1 /* Functions3Tests */ = {
			isa = PBXGroup;
			children = (
				18799C251B91DE2700FB85C1 /* Functions3Tests.m */,
				92EC7ADE1F8140A7003A0981 /* PolynomalTests.m */,
				18799C231B91DE2700FB85C1 /* Supporting Files */,
			);
			path = Functions3Tests;
			sourceTree = "<group>";
		};
		18799C231B91DE2700FB85C1 /* Supporting Files */ = {
			isa = PBXGroup;
			children = (
				18799C241B91DE2700FB85C1 /* Info.plist */,
			);
			name = "Supporting Files";
			sourceTree = "<group>";
		};
		18799C6E1B92000E00FB85C1 /* UI */ = {
			isa = PBXGroup;
			children = (
				8785A6C11FA537030088334E /* Square */,
				87CB0F241F5D8819000001DB /* FunctionBoard */,
				8798DD1D1F028D8500E97C88 /* TopBar */,
				877050D71ED0522000CC75ED /* FShape */,
				18A76FC91BF772A100F5A101 /* FBoard */,
				18799C731B92002000FB85C1 /* Properties */,
				18799C6F1B92000E00FB85C1 /* Number */,
				18079A721BF77F4900EB8662 /* FSpriteNodeBase.h */,
				18079A731BF77F4900EB8662 /* FSpriteNodeBase.m */,
			);
			path = UI;
			sourceTree = "<group>";
		};
		18799C6F1B92000E00FB85C1 /* Number */ = {
			isa = PBXGroup;
			children = (
				18799C701B92000E00FB85C1 /* FNumber.h */,
				18799C711B92000E00FB85C1 /* FNumber.m */,
				92FAC7891ED1B047004D15AB /* FunctionNumber.h */,
				92FAC78A1ED1B047004D15AB /* FunctionNumber.m */,
			);
			path = Number;
			sourceTree = "<group>";
		};
		18799C731B92002000FB85C1 /* Properties */ = {
			isa = PBXGroup;
			children = (
				18799C751B92049700FB85C1 /* FStyle.h */,
				18799C761B92049700FB85C1 /* FStyle.m */,
				18522B311B94D21D00705469 /* Functions.h */,
				18522B321B94D21D00705469 /* Functions.m */,
			);
			path = Properties;
			sourceTree = "<group>";
		};
		18799C7A1B92070900FB85C1 /* Frameworks */ = {
			isa = PBXGroup;
			children = (
				18522B2A1B93577000705469 /* CoreData.framework */,
				18799C7F1B92073E00FB85C1 /* Foundation.framework */,
				18799C7D1B92072D00FB85C1 /* SpriteKit.framework */,
				18799C7B1B92071D00FB85C1 /* UIKit.framework */,
			);
			name = Frameworks;
			sourceTree = "<group>";
		};
		18A76FC91BF772A100F5A101 /* FBoard */ = {
			isa = PBXGroup;
			children = (
				18A76FC61BF7729A00F5A101 /* FBoard.h */,
				18A76FC71BF7729A00F5A101 /* FBoard.m */,
				92BF0A0A1FA60F4B00086AF5 /* Board.swift */,
			);
			name = FBoard;
			sourceTree = "<group>";
		};
		18A76FCA1BF7778400F5A101 /* Game Logic */ = {
			isa = PBXGroup;
			children = (
				18A76FCB1BF7778400F5A101 /* GameLogic.h */,
				18A76FCC1BF7778400F5A101 /* GameLogic.m */,
				18A76FCE1BF778A200F5A101 /* FBoardLogic.h */,
				18A76FCF1BF778A200F5A101 /* FBoardLogic.m */,
			);
			path = "Game Logic";
			sourceTree = "<group>";
		};
		877050D71ED0522000CC75ED /* FShape */ = {
			isa = PBXGroup;
			children = (
				877050D91ED0523B00CC75ED /* FShape.swift */,
			);
			path = FShape;
			sourceTree = "<group>";
		};
		8785A6C11FA537030088334E /* Square */ = {
			isa = PBXGroup;
			children = (
				8785A6BF1FA528AC0088334E /* Square.swift */,
				8785A6C21FA537160088334E /* Number.swift */,
				8785A6C41FA538850088334E /* Material.swift */,
				878622AF1FA5CE5000C7573A /* ColorShifterNumber.swift */,
				878622B11FA5D0B500C7573A /* BombNumber.swift */,
				92BF0A061FA5EAB600086AF5 /* InvisibleNumber.swift */,
				92BF0A081FA608FD00086AF5 /* Square+Factory.swift */,
			);
			path = Square;
			sourceTree = "<group>";
		};
		8789C1011F953BA900B0766B /* UIKit */ = {
			isa = PBXGroup;
			children = (
				8789C1051F95407600B0766B /* ViewControllers */,
				8789C1021F953BE000B0766B /* FInitialButton.h */,
				8789C1031F953BE000B0766B /* FInitialButton.m */,
			);
			path = UIKit;
			sourceTree = "<group>";
		};
		8789C1051F95407600B0766B /* ViewControllers */ = {
			isa = PBXGroup;
			children = (
				8789C1061F95409F00B0766B /* ResultViewController.h */,
				8789C1071F95409F00B0766B /* ResultViewController.m */,
				8789C1081F95409F00B0766B /* StartViewController.h */,
				8789C1091F95409F00B0766B /* StartViewController.m */,
				8789C10C1F9540BF00B0766B /* BaseViewController.h */,
				8789C10D1F9540BF00B0766B /* BaseViewController.m */,
				8789C10F1F9541DE00B0766B /* ShopViewController.h */,
				8789C1101F9541DE00B0766B /* ShopViewController.m */,
			);
			path = ViewControllers;
			sourceTree = "<group>";
		};
		878FCAC71F8EA9EC0059C7D0 /* images */ = {
			isa = PBXGroup;
			children = (
				878FCAC81F8EA9EC0059C7D0 /* diamond.png */,
				878FCAC91F8EA9EC0059C7D0 /* emerald.png */,
				878FCACA1F8EA9EC0059C7D0 /* golden.png */,
			);
			path = images;
			sourceTree = "<group>";
		};
		8798DD1D1F028D8500E97C88 /* TopBar */ = {
			isa = PBXGroup;
			children = (
				8798DD1E1F028DA500E97C88 /* FunctionTopBar.h */,
				8798DD1F1F028DA500E97C88 /* FunctionTopBar.m */,
			);
			path = TopBar;
			sourceTree = "<group>";
		};
		87CB0F241F5D8819000001DB /* FunctionBoard */ = {
			isa = PBXGroup;
			children = (
				87CB0F251F5D884E000001DB /* FunctionBoard.h */,
				87CB0F261F5D884E000001DB /* FunctionBoard.m */,
			);
			path = FunctionBoard;
			sourceTree = "<group>";
		};
		92BF0A0C1FA6157500086AF5 /* Extensions */ = {
			isa = PBXGroup;
			children = (
				92BF0A0D1FA6158800086AF5 /* SKAction+Additions.swift */,
			);
			path = Extensions;
			sourceTree = "<group>";
		};
/* End PBXGroup section */

/* Begin PBXNativeTarget section */
		18799C001B91DE2700FB85C1 /* Functions3 */ = {
			isa = PBXNativeTarget;
			buildConfigurationList = 18799C291B91DE2700FB85C1 /* Build configuration list for PBXNativeTarget "Functions3" */;
			buildPhases = (
				18799BFD1B91DE2700FB85C1 /* Sources */,
				18799BFE1B91DE2700FB85C1 /* Frameworks */,
				18799BFF1B91DE2700FB85C1 /* Resources */,
			);
			buildRules = (
			);
			dependencies = (
			);
			name = Functions3;
			productName = Functions3;
			productReference = 18799C011B91DE2700FB85C1 /* Functions3.app */;
			productType = "com.apple.product-type.application";
		};
		18799C1E1B91DE2700FB85C1 /* Functions3Tests */ = {
			isa = PBXNativeTarget;
			buildConfigurationList = 18799C2C1B91DE2700FB85C1 /* Build configuration list for PBXNativeTarget "Functions3Tests" */;
			buildPhases = (
				18799C1B1B91DE2700FB85C1 /* Sources */,
				18799C1C1B91DE2700FB85C1 /* Frameworks */,
				18799C1D1B91DE2700FB85C1 /* Resources */,
			);
			buildRules = (
			);
			dependencies = (
				18799C211B91DE2700FB85C1 /* PBXTargetDependency */,
			);
			name = Functions3Tests;
			productName = Functions3Tests;
			productReference = 18799C1F1B91DE2700FB85C1 /* Functions3Tests.xctest */;
			productType = "com.apple.product-type.bundle.unit-test";
		};
/* End PBXNativeTarget section */

/* Begin PBXProject section */
		18799BF91B91DE2600FB85C1 /* Project object */ = {
			isa = PBXProject;
			attributes = {
				LastUpgradeCheck = 0640;
				ORGANIZATIONNAME = ekanik;
				TargetAttributes = {
					18799C001B91DE2700FB85C1 = {
						CreatedOnToolsVersion = 6.4;
						DevelopmentTeam = PD29HUEAAC;
						LastSwiftMigration = 0830;
						ProvisioningStyle = Automatic;
					};
					18799C1E1B91DE2700FB85C1 = {
						CreatedOnToolsVersion = 6.4;
						DevelopmentTeam = PD29HUEAAC;
						TestTargetID = 18799C001B91DE2700FB85C1;
					};
				};
			};
			buildConfigurationList = 18799BFC1B91DE2700FB85C1 /* Build configuration list for PBXProject "Functions3" */;
			compatibilityVersion = "Xcode 3.2";
			developmentRegion = English;
			hasScannedForEncodings = 0;
			knownRegions = (
				en,
				Base,
			);
			mainGroup = 18799BF81B91DE2600FB85C1;
			productRefGroup = 18799C021B91DE2700FB85C1 /* Products */;
			projectDirPath = "";
			projectRoot = "";
			targets = (
				18799C001B91DE2700FB85C1 /* Functions3 */,
				18799C1E1B91DE2700FB85C1 /* Functions3Tests */,
			);
		};
/* End PBXProject section */

/* Begin PBXResourcesBuildPhase section */
		18799BFF1B91DE2700FB85C1 /* Resources */ = {
			isa = PBXResourcesBuildPhase;
			buildActionMask = 2147483647;
			files = (
				878FCACC1F8EA9EC0059C7D0 /* emerald.png in Resources */,
				878FCACD1F8EA9EC0059C7D0 /* golden.png in Resources */,
				18799C1A1B91DE2700FB85C1 /* LaunchScreen.xib in Resources */,
				878FCACB1F8EA9EC0059C7D0 /* diamond.png in Resources */,
				18799C171B91DE2700FB85C1 /* Images.xcassets in Resources */,
				18F697581C1E178E006F254D /* Main.storyboard in Resources */,
				18799C0F1B91DE2700FB85C1 /* GameScene.sks in Resources */,
			);
			runOnlyForDeploymentPostprocessing = 0;
		};
		18799C1D1B91DE2700FB85C1 /* Resources */ = {
			isa = PBXResourcesBuildPhase;
			buildActionMask = 2147483647;
			files = (
			);
			runOnlyForDeploymentPostprocessing = 0;
		};
/* End PBXResourcesBuildPhase section */

/* Begin PBXSourcesBuildPhase section */
		18799BFD1B91DE2700FB85C1 /* Sources */ = {
			isa = PBXSourcesBuildPhase;
			buildActionMask = 2147483647;
			files = (
				18799C121B91DE2700FB85C1 /* GameViewController.m in Sources */,
				8785A6C01FA528AC0088334E /* Square.swift in Sources */,
				18F035A91C1D8AFA00792FC9 /* AbsoluteValueFunction.m in Sources */,
				18799C721B92000E00FB85C1 /* FNumber.m in Sources */,
				8789C1041F953BE000B0766B /* FInitialButton.m in Sources */,
				92BF0A091FA608FD00086AF5 /* Square+Factory.swift in Sources */,
				18079A741BF77F4900EB8662 /* FSpriteNodeBase.m in Sources */,
				878622B21FA5D0B500C7573A /* BombNumber.swift in Sources */,
				18522B1D1B93420C00705469 /* Fraction.m in Sources */,
				92BF0A0E1FA6158800086AF5 /* SKAction+Additions.swift in Sources */,
				87CB0F271F5D884E000001DB /* FunctionBoard.m in Sources */,
				18522B161B9341E500705469 /* FMath.m in Sources */,
				877050DA1ED0523B00CC75ED /* FShape.swift in Sources */,
				18522B1E1B93420C00705469 /* Irrational.m in Sources */,
				92BF0A071FA5EAB600086AF5 /* InvisibleNumber.swift in Sources */,
				18522B281B934BA200705469 /* Polynomal.m in Sources */,
				18799C771B92049700FB85C1 /* FStyle.m in Sources */,
				18799C0A1B91DE2700FB85C1 /* AppDelegate.m in Sources */,
				8789C10B1F95409F00B0766B /* StartViewController.m in Sources */,
				18522B271B934BA200705469 /* AbstractFunction.m in Sources */,
				878622B01FA5CE5000C7573A /* ColorShifterNumber.swift in Sources */,
				18799C0D1B91DE2700FB85C1 /* GameScene.m in Sources */,
				18A76FC81BF7729A00F5A101 /* FBoard.m in Sources */,
				18522B291B934BA200705469 /* Producer.m in Sources */,
				18522B331B94D21D00705469 /* Functions.m in Sources */,
				8785A6C31FA537160088334E /* Number.swift in Sources */,
				8789C10E1F9540BF00B0766B /* BaseViewController.m in Sources */,
				92BF0A0B1FA60F4B00086AF5 /* Board.swift in Sources */,
				8789C1111F9541DE00B0766B /* ShopViewController.m in Sources */,
				18A76FD01BF778A200F5A101 /* FBoardLogic.m in Sources */,
				18799C071B91DE2700FB85C1 /* main.m in Sources */,
				18A76FCD1BF7778400F5A101 /* GameLogic.m in Sources */,
				8798DD201F028DA500E97C88 /* FunctionTopBar.m in Sources */,
				92FAC78B1ED1B047004D15AB /* FunctionNumber.m in Sources */,
				8785A6C51FA538850088334E /* Material.swift in Sources */,
				8789C10A1F95409F00B0766B /* ResultViewController.m in Sources */,
				18799C821B9207CC00FB85C1 /* Predefines.h in Sources */,
			);
			runOnlyForDeploymentPostprocessing = 0;
		};
		18799C1B1B91DE2700FB85C1 /* Sources */ = {
			isa = PBXSourcesBuildPhase;
			buildActionMask = 2147483647;
			files = (
				18799C261B91DE2700FB85C1 /* Functions3Tests.m in Sources */,
				92EC7ADF1F8140A7003A0981 /* PolynomalTests.m in Sources */,
				92EC7AE01F814183003A0981 /* Polynomal.m in Sources */,
			);
			runOnlyForDeploymentPostprocessing = 0;
		};
/* End PBXSourcesBuildPhase section */

/* Begin PBXTargetDependency section */
		18799C211B91DE2700FB85C1 /* PBXTargetDependency */ = {
			isa = PBXTargetDependency;
			target = 18799C001B91DE2700FB85C1 /* Functions3 */;
			targetProxy = 18799C201B91DE2700FB85C1 /* PBXContainerItemProxy */;
		};
/* End PBXTargetDependency section */

/* Begin PBXVariantGroup section */
		18799C181B91DE2700FB85C1 /* LaunchScreen.xib */ = {
			isa = PBXVariantGroup;
			children = (
				18799C191B91DE2700FB85C1 /* Base */,
			);
			name = LaunchScreen.xib;
			sourceTree = "<group>";
		};
		18F697561C1E178E006F254D /* Main.storyboard */ = {
			isa = PBXVariantGroup;
			children = (
				18F697571C1E178E006F254D /* Base */,
			);
			name = Main.storyboard;
			sourceTree = "<group>";
		};
/* End PBXVariantGroup section */

/* Begin XCBuildConfiguration section */
		18799C271B91DE2700FB85C1 /* Debug */ = {
			isa = XCBuildConfiguration;
			buildSettings = {
				ALWAYS_SEARCH_USER_PATHS = NO;
				CLANG_CXX_LANGUAGE_STANDARD = "gnu++0x";
				CLANG_CXX_LIBRARY = "libc++";
				CLANG_ENABLE_MODULES = YES;
				CLANG_ENABLE_OBJC_ARC = YES;
				CLANG_WARN_BOOL_CONVERSION = YES;
				CLANG_WARN_CONSTANT_CONVERSION = YES;
				CLANG_WARN_DIRECT_OBJC_ISA_USAGE = YES_ERROR;
				CLANG_WARN_EMPTY_BODY = YES;
				CLANG_WARN_ENUM_CONVERSION = YES;
				CLANG_WARN_INT_CONVERSION = YES;
				CLANG_WARN_OBJC_ROOT_CLASS = YES_ERROR;
				CLANG_WARN_UNREACHABLE_CODE = YES;
				CLANG_WARN__DUPLICATE_METHOD_MATCH = YES;
				CODE_SIGN_IDENTITY = "iPhone Developer";
				"CODE_SIGN_IDENTITY[sdk=iphoneos*]" = "iPhone Developer";
				COPY_PHASE_STRIP = NO;
				DEBUG_INFORMATION_FORMAT = "dwarf-with-dsym";
				DEVELOPMENT_TEAM = PD29HUEAAC;
				ENABLE_STRICT_OBJC_MSGSEND = YES;
				EXECUTABLE_PREFIX = "";
				GCC_C_LANGUAGE_STANDARD = gnu99;
				GCC_DYNAMIC_NO_PIC = NO;
				GCC_INCREASE_PRECOMPILED_HEADER_SHARING = YES;
				GCC_NO_COMMON_BLOCKS = YES;
				GCC_OPTIMIZATION_LEVEL = 0;
				GCC_PRECOMPILE_PREFIX_HEADER = YES;
				GCC_PREFIX_HEADER = PrefixHeader.pch;
				GCC_PREPROCESSOR_DEFINITIONS = (
					"DEBUG=1",
					"$(inherited)",
				);
				GCC_SYMBOLS_PRIVATE_EXTERN = NO;
				GCC_WARN_64_TO_32_BIT_CONVERSION = YES;
				GCC_WARN_ABOUT_RETURN_TYPE = YES_ERROR;
				GCC_WARN_UNDECLARED_SELECTOR = YES;
				GCC_WARN_UNINITIALIZED_AUTOS = YES_AGGRESSIVE;
				GCC_WARN_UNUSED_FUNCTION = YES;
				GCC_WARN_UNUSED_VARIABLE = YES;
				IPHONEOS_DEPLOYMENT_TARGET = 9.3;
				MTL_ENABLE_DEBUG_INFO = YES;
				ONLY_ACTIVE_ARCH = YES;
				SDKROOT = iphoneos;
			};
			name = Debug;
		};
		18799C281B91DE2700FB85C1 /* Release */ = {
			isa = XCBuildConfiguration;
			buildSettings = {
				ALWAYS_SEARCH_USER_PATHS = NO;
				CLANG_CXX_LANGUAGE_STANDARD = "gnu++0x";
				CLANG_CXX_LIBRARY = "libc++";
				CLANG_ENABLE_MODULES = YES;
				CLANG_ENABLE_OBJC_ARC = YES;
				CLANG_WARN_BOOL_CONVERSION = YES;
				CLANG_WARN_CONSTANT_CONVERSION = YES;
				CLANG_WARN_DIRECT_OBJC_ISA_USAGE = YES_ERROR;
				CLANG_WARN_EMPTY_BODY = YES;
				CLANG_WARN_ENUM_CONVERSION = YES;
				CLANG_WARN_INT_CONVERSION = YES;
				CLANG_WARN_OBJC_ROOT_CLASS = YES_ERROR;
				CLANG_WARN_UNREACHABLE_CODE = YES;
				CLANG_WARN__DUPLICATE_METHOD_MATCH = YES;
				CODE_SIGN_IDENTITY = "iPhone Developer";
				"CODE_SIGN_IDENTITY[sdk=iphoneos*]" = "iPhone Developer";
				COPY_PHASE_STRIP = NO;
				DEBUG_INFORMATION_FORMAT = "dwarf-with-dsym";
				DEVELOPMENT_TEAM = PD29HUEAAC;
				ENABLE_NS_ASSERTIONS = NO;
				ENABLE_STRICT_OBJC_MSGSEND = YES;
				EXECUTABLE_PREFIX = "";
				GCC_C_LANGUAGE_STANDARD = gnu99;
				GCC_INCREASE_PRECOMPILED_HEADER_SHARING = YES;
				GCC_NO_COMMON_BLOCKS = YES;
				GCC_PRECOMPILE_PREFIX_HEADER = YES;
				GCC_PREFIX_HEADER = PrefixHeader.pch;
				GCC_WARN_64_TO_32_BIT_CONVERSION = YES;
				GCC_WARN_ABOUT_RETURN_TYPE = YES_ERROR;
				GCC_WARN_UNDECLARED_SELECTOR = YES;
				GCC_WARN_UNINITIALIZED_AUTOS = YES_AGGRESSIVE;
				GCC_WARN_UNUSED_FUNCTION = YES;
				GCC_WARN_UNUSED_VARIABLE = YES;
				IPHONEOS_DEPLOYMENT_TARGET = 9.3;
				MTL_ENABLE_DEBUG_INFO = NO;
				SDKROOT = iphoneos;
				VALIDATE_PRODUCT = YES;
			};
			name = Release;
		};
		18799C2A1B91DE2700FB85C1 /* Debug */ = {
			isa = XCBuildConfiguration;
			buildSettings = {
				ASSETCATALOG_COMPILER_APPICON_NAME = AppIcon;
				CLANG_ENABLE_MODULES = YES;
				"CODE_SIGN_IDENTITY[sdk=iphoneos*]" = "iPhone Developer";
				DEVELOPMENT_TEAM = PD29HUEAAC;
				GCC_INCREASE_PRECOMPILED_HEADER_SHARING = YES;
				GCC_PRECOMPILE_PREFIX_HEADER = YES;
				INFOPLIST_FILE = Functions3/Info.plist;
				LD_RUNPATH_SEARCH_PATHS = "$(inherited) @executable_path/Frameworks";
				PRODUCT_NAME = "$(TARGET_NAME)";
				PROVISIONING_PROFILE_SPECIFIER = "";
				SWIFT_OBJC_BRIDGING_HEADER = "Functions3/UI/FShape/Functions3-Bridging-Header.h";
				SWIFT_OPTIMIZATION_LEVEL = "-Onone";
				SWIFT_VERSION = 3.0;
			};
			name = Debug;
		};
		18799C2B1B91DE2700FB85C1 /* Release */ = {
			isa = XCBuildConfiguration;
			buildSettings = {
				ASSETCATALOG_COMPILER_APPICON_NAME = AppIcon;
				CLANG_ENABLE_MODULES = YES;
				"CODE_SIGN_IDENTITY[sdk=iphoneos*]" = "iPhone Developer";
				DEVELOPMENT_TEAM = PD29HUEAAC;
				GCC_INCREASE_PRECOMPILED_HEADER_SHARING = YES;
				GCC_PRECOMPILE_PREFIX_HEADER = YES;
				INFOPLIST_FILE = Functions3/Info.plist;
				LD_RUNPATH_SEARCH_PATHS = "$(inherited) @executable_path/Frameworks";
				PRODUCT_NAME = "$(TARGET_NAME)";
				PROVISIONING_PROFILE_SPECIFIER = "";
				SWIFT_OBJC_BRIDGING_HEADER = "Functions3/UI/FShape/Functions3-Bridging-Header.h";
				SWIFT_VERSION = 3.0;
			};
			name = Release;
		};
		18799C2D1B91DE2700FB85C1 /* Debug */ = {
			isa = XCBuildConfiguration;
			buildSettings = {
				ALWAYS_EMBED_SWIFT_STANDARD_LIBRARIES = YES;
				BUNDLE_LOADER = "$(TEST_HOST)";
				FRAMEWORK_SEARCH_PATHS = (
					"$(SDKROOT)/Developer/Library/Frameworks",
					"$(inherited)",
				);
				GCC_PREPROCESSOR_DEFINITIONS = (
					"DEBUG=1",
					"$(inherited)",
				);
				INFOPLIST_FILE = Functions3Tests/Info.plist;
				LD_RUNPATH_SEARCH_PATHS = "$(inherited) @executable_path/Frameworks @loader_path/Frameworks";
				PRODUCT_NAME = "$(TARGET_NAME)";
				TEST_HOST = "$(BUILT_PRODUCTS_DIR)/Functions3.app/Functions3";
			};
			name = Debug;
		};
		18799C2E1B91DE2700FB85C1 /* Release */ = {
			isa = XCBuildConfiguration;
			buildSettings = {
				ALWAYS_EMBED_SWIFT_STANDARD_LIBRARIES = YES;
				BUNDLE_LOADER = "$(TEST_HOST)";
				FRAMEWORK_SEARCH_PATHS = (
					"$(SDKROOT)/Developer/Library/Frameworks",
					"$(inherited)",
				);
				INFOPLIST_FILE = Functions3Tests/Info.plist;
				LD_RUNPATH_SEARCH_PATHS = "$(inherited) @executable_path/Frameworks @loader_path/Frameworks";
				PRODUCT_NAME = "$(TARGET_NAME)";
				TEST_HOST = "$(BUILT_PRODUCTS_DIR)/Functions3.app/Functions3";
			};
			name = Release;
		};
		87D653AB1ECCA3D100FABE2C /* Debug copy */ = {
			isa = XCBuildConfiguration;
			buildSettings = {
				ALWAYS_SEARCH_USER_PATHS = NO;
				CLANG_CXX_LANGUAGE_STANDARD = "gnu++0x";
				CLANG_CXX_LIBRARY = "libc++";
				CLANG_ENABLE_MODULES = YES;
				CLANG_ENABLE_OBJC_ARC = YES;
				CLANG_WARN_BOOL_CONVERSION = YES;
				CLANG_WARN_CONSTANT_CONVERSION = YES;
				CLANG_WARN_DIRECT_OBJC_ISA_USAGE = YES_ERROR;
				CLANG_WARN_EMPTY_BODY = YES;
				CLANG_WARN_ENUM_CONVERSION = YES;
				CLANG_WARN_INT_CONVERSION = YES;
				CLANG_WARN_OBJC_ROOT_CLASS = YES_ERROR;
				CLANG_WARN_UNREACHABLE_CODE = YES;
				CLANG_WARN__DUPLICATE_METHOD_MATCH = YES;
				CODE_SIGN_IDENTITY = "iPhone Developer";
				"CODE_SIGN_IDENTITY[sdk=iphoneos*]" = "iPhone Developer";
				COPY_PHASE_STRIP = NO;
				DEBUG_INFORMATION_FORMAT = "dwarf-with-dsym";
				DEVELOPMENT_TEAM = PD29HUEAAC;
				ENABLE_STRICT_OBJC_MSGSEND = YES;
				EXECUTABLE_PREFIX = "";
				GCC_C_LANGUAGE_STANDARD = gnu99;
				GCC_DYNAMIC_NO_PIC = NO;
				GCC_INCREASE_PRECOMPILED_HEADER_SHARING = YES;
				GCC_NO_COMMON_BLOCKS = YES;
				GCC_OPTIMIZATION_LEVEL = 0;
				GCC_PRECOMPILE_PREFIX_HEADER = YES;
				GCC_PREFIX_HEADER = PrefixHeader.pch;
				GCC_PREPROCESSOR_DEFINITIONS = (
					"DEBUG=1",
					"$(inherited)",
				);
				GCC_SYMBOLS_PRIVATE_EXTERN = NO;
				GCC_WARN_64_TO_32_BIT_CONVERSION = YES;
				GCC_WARN_ABOUT_RETURN_TYPE = YES_ERROR;
				GCC_WARN_UNDECLARED_SELECTOR = YES;
				GCC_WARN_UNINITIALIZED_AUTOS = YES_AGGRESSIVE;
				GCC_WARN_UNUSED_FUNCTION = YES;
				GCC_WARN_UNUSED_VARIABLE = YES;
				IPHONEOS_DEPLOYMENT_TARGET = 9.3;
				MTL_ENABLE_DEBUG_INFO = YES;
				ONLY_ACTIVE_ARCH = YES;
				SDKROOT = iphoneos;
			};
			name = "Debug copy";
		};
		87D653AC1ECCA3D100FABE2C /* Debug copy */ = {
			isa = XCBuildConfiguration;
			buildSettings = {
				ASSETCATALOG_COMPILER_APPICON_NAME = AppIcon;
				CLANG_ENABLE_MODULES = YES;
				"CODE_SIGN_IDENTITY[sdk=iphoneos*]" = "iPhone Developer";
				DEVELOPMENT_TEAM = PD29HUEAAC;
				GCC_INCREASE_PRECOMPILED_HEADER_SHARING = YES;
				GCC_PRECOMPILE_PREFIX_HEADER = YES;
				INFOPLIST_FILE = Functions3/Info.plist;
				LD_RUNPATH_SEARCH_PATHS = "$(inherited) @executable_path/Frameworks";
				PRODUCT_NAME = "$(TARGET_NAME)";
				PROVISIONING_PROFILE_SPECIFIER = "";
				SWIFT_OBJC_BRIDGING_HEADER = "Functions3/UI/FShape/Functions3-Bridging-Header.h";
				SWIFT_OPTIMIZATION_LEVEL = "-Onone";
				SWIFT_VERSION = 3.0;
			};
			name = "Debug copy";
		};
		87D653AD1ECCA3D100FABE2C /* Debug copy */ = {
			isa = XCBuildConfiguration;
			buildSettings = {
				ALWAYS_EMBED_SWIFT_STANDARD_LIBRARIES = YES;
				BUNDLE_LOADER = "$(TEST_HOST)";
				FRAMEWORK_SEARCH_PATHS = (
					"$(SDKROOT)/Developer/Library/Frameworks",
					"$(inherited)",
				);
				GCC_PREPROCESSOR_DEFINITIONS = (
					"DEBUG=1",
					"$(inherited)",
				);
				INFOPLIST_FILE = Functions3Tests/Info.plist;
				LD_RUNPATH_SEARCH_PATHS = "$(inherited) @executable_path/Frameworks @loader_path/Frameworks";
				PRODUCT_NAME = "$(TARGET_NAME)";
				TEST_HOST = "$(BUILT_PRODUCTS_DIR)/Functions3.app/Functions3";
			};
			name = "Debug copy";
		};
/* End XCBuildConfiguration section */

/* Begin XCConfigurationList section */
		18799BFC1B91DE2700FB85C1 /* Build configuration list for PBXProject "Functions3" */ = {
			isa = XCConfigurationList;
			buildConfigurations = (
				18799C271B91DE2700FB85C1 /* Debug */,
				87D653AB1ECCA3D100FABE2C /* Debug copy */,
				18799C281B91DE2700FB85C1 /* Release */,
			);
			defaultConfigurationIsVisible = 0;
			defaultConfigurationName = Release;
		};
		18799C291B91DE2700FB85C1 /* Build configuration list for PBXNativeTarget "Functions3" */ = {
			isa = XCConfigurationList;
			buildConfigurations = (
				18799C2A1B91DE2700FB85C1 /* Debug */,
				87D653AC1ECCA3D100FABE2C /* Debug copy */,
				18799C2B1B91DE2700FB85C1 /* Release */,
			);
			defaultConfigurationIsVisible = 0;
			defaultConfigurationName = Release;
		};
		18799C2C1B91DE2700FB85C1 /* Build configuration list for PBXNativeTarget "Functions3Tests" */ = {
			isa = XCConfigurationList;
			buildConfigurations = (
				18799C2D1B91DE2700FB85C1 /* Debug */,
				87D653AD1ECCA3D100FABE2C /* Debug copy */,
				18799C2E1B91DE2700FB85C1 /* Release */,
			);
			defaultConfigurationIsVisible = 0;
			defaultConfigurationName = Release;
		};
/* End XCConfigurationList section */
	};
	rootObject = 18799BF91B91DE2600FB85C1 /* Project object */;
}
